
Microsoft Visual Studio Solution File, Format Version 12.00
# Visual Studio Version 17
VisualStudioVersion = 17.7.34202.233
MinimumVisualStudioVersion = 10.0.40219.1
Project("{FAE04EC0-301F-11D3-BF4B-00C04F79EFBC}") = "DemoDisconnectADO.NET", "DemoDisconnectADO.NET.csproj", "{93DBF749-E7C7-4B4D-84C4-2FCE038F3DBC}"
EndProject
Global
	GlobalSection(SolutionConfigurationPlatforms) = preSolution
		Debug|Any CPU = Debug|Any CPU
		Release|Any CPU = Release|Any CPU
	EndGlobalSection
	GlobalSection(ProjectConfigurationPlatforms) = postSolution
		{93DBF749-E7C7-4B4D-84C4-2FCE038F3DBC}.Debug|Any CPU.ActiveCfg = Debug|Any CPU
		{93DBF749-E7C7-4B4D-84C4-2FCE038F3DBC}.Debug|Any CPU.Build.0 = Debug|Any CPU
		{93DBF749-E7C7-4B4D-84C4-2FCE038F3DBC}.Release|Any CPU.ActiveCfg = Release|Any CPU
		{93DBF749-E7C7-4B4D-84C4-2FCE038F3DBC}.Release|Any CPU.Build.0 = Release|Any CPU
	EndGlobalSection
	GlobalSection(SolutionProperties) = preSolution
		HideSolutionNode = FALSE
	EndGlobalSection
	GlobalSection(ExtensibilityGlobals) = postSolution
		SolutionGuid = {EAEF1600-4B92-4667-9D6D-F36D59A48BD2}
	EndGlobalSection
EndGlobal
